
Microsoft Visual Studio Solution File, Format Version 12.00
# Visual Studio Version 17
VisualStudioVersion = 17.2.32616.157
MinimumVisualStudioVersion = 10.0.40219.1
Project("{FAE04EC0-301F-11D3-BF4B-00C04F79EFBC}") = "Assignment1", "Assignment1\Assignment1.csproj", "{077CE81F-EBAE-49B6-BD07-D572428B33AA}"
EndProject
Global
	GlobalSection(SolutionConfigurationPlatforms) = preSolution
		Debug|Any CPU = Debug|Any CPU
		Release|Any CPU = Release|Any CPU
	EndGlobalSection
	GlobalSection(ProjectConfigurationPlatforms) = postSolution
		{077CE81F-EBAE-49B6-BD07-D572428B33AA}.Debug|Any CPU.ActiveCfg = Debug|Any CPU
		{077CE81F-EBAE-49B6-BD07-D572428B33AA}.Debug|Any CPU.Build.0 = Debug|Any CPU
		{077CE81F-EBAE-49B6-BD07-D572428B33AA}.Release|Any CPU.ActiveCfg = Release|Any CPU
		{077CE81F-EBAE-49B6-BD07-D572428B33AA}.Release|Any CPU.Build.0 = Release|Any CPU
	EndGlobalSection
	GlobalSection(SolutionProperties) = preSolution
		HideSolutionNode = FALSE
	EndGlobalSection
	GlobalSection(ExtensibilityGlobals) = postSolution
		SolutionGuid = {BC4EB6BD-ADF8-4326-B621-7C375DF097AA}
	EndGlobalSection
EndGlobal
